
Microsoft Visual Studio Solution File, Format Version 12.00
# Visual Studio 15
VisualStudioVersion = 15.0.26430.16
MinimumVisualStudioVersion = 10.0.40219.1
Project("{FAE04EC0-301F-11D3-BF4B-00C04F79EFBC}") = "Nick.DotNet.Test", "Nick.DotNet.Test\Nick.DotNet.Test.csproj", "{93583ADA-AAA7-425A-8EBF-57B311C0EEB9}"
EndProject
Project("{FAE04EC0-301F-11D3-BF4B-00C04F79EFBC}") = "Nick.Test.String", "Nick.Test.String\Nick.Test.String.csproj", "{474DD270-1487-4CDD-8C05-9627630BAD39}"
EndProject
Project("{FAE04EC0-301F-11D3-BF4B-00C04F79EFBC}") = "Nick.Test.Delegate", "Nick.Test.Delegate\Nick.Test.Delegate.csproj", "{A2A88B13-F5A9-4D3C-9D38-5B7C157147B5}"
EndProject
Project("{FAE04EC0-301F-11D3-BF4B-00C04F79EFBC}") = "Nick.Test.DelegateAndEvent", "Nick.Test.DelegateAndEvent\Nick.Test.DelegateAndEvent.csproj", "{6799ACF0-3AEE-4440-AAE4-36BD166AA990}"
EndProject
Project("{FAE04EC0-301F-11D3-BF4B-00C04F79EFBC}") = "Nick.Test.Lambda", "Nick.Test.Lambda\Nick.Test.Lambda.csproj", "{882DDC9C-9C0D-4FDA-9278-16F83840CF4A}"
EndProject
Global
	GlobalSection(SolutionConfigurationPlatforms) = preSolution
		Debug|Any CPU = Debug|Any CPU
		Release|Any CPU = Release|Any CPU
	EndGlobalSection
	GlobalSection(ProjectConfigurationPlatforms) = postSolution
		{93583ADA-AAA7-425A-8EBF-57B311C0EEB9}.Debug|Any CPU.ActiveCfg = Debug|Any CPU
		{93583ADA-AAA7-425A-8EBF-57B311C0EEB9}.Debug|Any CPU.Build.0 = Debug|Any CPU
		{93583ADA-AAA7-425A-8EBF-57B311C0EEB9}.Release|Any CPU.ActiveCfg = Release|Any CPU
		{93583ADA-AAA7-425A-8EBF-57B311C0EEB9}.Release|Any CPU.Build.0 = Release|Any CPU
		{474DD270-1487-4CDD-8C05-9627630BAD39}.Debug|Any CPU.ActiveCfg = Debug|Any CPU
		{474DD270-1487-4CDD-8C05-9627630BAD39}.Debug|Any CPU.Build.0 = Debug|Any CPU
		{474DD270-1487-4CDD-8C05-9627630BAD39}.Release|Any CPU.ActiveCfg = Release|Any CPU
		{474DD270-1487-4CDD-8C05-9627630BAD39}.Release|Any CPU.Build.0 = Release|Any CPU
		{A2A88B13-F5A9-4D3C-9D38-5B7C157147B5}.Debug|Any CPU.ActiveCfg = Debug|Any CPU
		{A2A88B13-F5A9-4D3C-9D38-5B7C157147B5}.Debug|Any CPU.Build.0 = Debug|Any CPU
		{A2A88B13-F5A9-4D3C-9D38-5B7C157147B5}.Release|Any CPU.ActiveCfg = Release|Any CPU
		{A2A88B13-F5A9-4D3C-9D38-5B7C157147B5}.Release|Any CPU.Build.0 = Release|Any CPU
		{6799ACF0-3AEE-4440-AAE4-36BD166AA990}.Debug|Any CPU.ActiveCfg = Debug|Any CPU
		{6799ACF0-3AEE-4440-AAE4-36BD166AA990}.Debug|Any CPU.Build.0 = Debug|Any CPU
		{6799ACF0-3AEE-4440-AAE4-36BD166AA990}.Release|Any CPU.ActiveCfg = Release|Any CPU
		{6799ACF0-3AEE-4440-AAE4-36BD166AA990}.Release|Any CPU.Build.0 = Release|Any CPU
		{882DDC9C-9C0D-4FDA-9278-16F83840CF4A}.Debug|Any CPU.ActiveCfg = Debug|Any CPU
		{882DDC9C-9C0D-4FDA-9278-16F83840CF4A}.Debug|Any CPU.Build.0 = Debug|Any CPU
		{882DDC9C-9C0D-4FDA-9278-16F83840CF4A}.Release|Any CPU.ActiveCfg = Release|Any CPU
		{882DDC9C-9C0D-4FDA-9278-16F83840CF4A}.Release|Any CPU.Build.0 = Release|Any CPU
	EndGlobalSection
	GlobalSection(SolutionProperties) = preSolution
		HideSolutionNode = FALSE
	EndGlobalSection
	GlobalSection(ExtensibilityGlobals) = postSolution
		SolutionGuid = {3BEE91BA-5C80-4231-981B-F0FAE0A2116E}
	EndGlobalSection
EndGlobal
